
Microsoft Visual Studio Solution File, Format Version 12.00
# Visual Studio Version 17
VisualStudioVersion = 17.9.34414.90
MinimumVisualStudioVersion = 10.0.40219.1
Project("{2150E333-8FDC-42A3-9474-1A3956D46DE8}") = "Services", "Services", "{CFF2A0B7-2EE0-456C-8AEC-BFE3AEFB47F8}"
EndProject
Project("{2150E333-8FDC-42A3-9474-1A3956D46DE8}") = "Frontend", "Frontend", "{3D827C8F-1E55-4D5F-8DFC-3119EB73E068}"
EndProject
Project("{2150E333-8FDC-42A3-9474-1A3956D46DE8}") = "Integration", "Integration", "{3F199436-E2C8-461C-BBF4-C3730F19DFA3}"
EndProject
Project("{2150E333-8FDC-42A3-9474-1A3956D46DE8}") = "Gateway", "Gateway", "{BB7F8FBC-A26B-41E1-AEA0-FDA36F057468}"
EndProject
Project("{9A19103F-16F7-4668-BE54-9A1E7A4F7556}") = "Services.CouponAPI", "Services.CouponAPI\Services.CouponAPI.csproj", "{AF2E1D7C-06EE-46DB-9CC1-27606AE66162}"
EndProject
Project("{9A19103F-16F7-4668-BE54-9A1E7A4F7556}") = "WebApp", "WebApp\WebApp.csproj", "{4E0D73A2-7208-4461-8695-227AA99D4A9C}"
EndProject
Project("{9A19103F-16F7-4668-BE54-9A1E7A4F7556}") = "Services.AuthAPI", "Services.AuthAPI\Services.AuthAPI.csproj", "{4F5DC816-6A3C-4FD9-8D59-FEDB4DEDF6D1}"
EndProject
Project("{9A19103F-16F7-4668-BE54-9A1E7A4F7556}") = "Services.ProductAPI", "Services.ProductAPI\Services.ProductAPI.csproj", "{48473B2F-6BD4-4ED1-9BE6-E15653082E52}"
EndProject
Project("{9A19103F-16F7-4668-BE54-9A1E7A4F7556}") = "Services.CartAPI", "Services.CartAPI\Services.CartAPI.csproj", "{9AA333A4-D360-47DE-ACC4-EEAE7A4DB4CE}"
EndProject
Project("{9A19103F-16F7-4668-BE54-9A1E7A4F7556}") = "Services.OrderAPI", "Services.OrderAPI\Services.OrderAPI.csproj", "{6E5202B4-EF5A-4C41-B6C8-006061C75468}"
EndProject
Project("{9A19103F-16F7-4668-BE54-9A1E7A4F7556}") = "Services.EmailAPI", "Services.EmailAPI\Services.EmailAPI.csproj", "{2197D894-36F8-451C-B25D-7FBDE0C5DCA7}"
EndProject
Project("{9A19103F-16F7-4668-BE54-9A1E7A4F7556}") = "Service.MessageBus", "Service.MessageBus\Service.MessageBus.csproj", "{05DD385A-9E1A-4931-924E-DF34248A07FE}"
EndProject
Project("{FAE04EC0-301F-11D3-BF4B-00C04F79EFBC}") = "APIGateway", "APIGateway\APIGateway.csproj", "{B7D1C122-5FCE-43C5-A328-BF8ADAC7F614}"
EndProject
Global
	GlobalSection(SolutionConfigurationPlatforms) = preSolution
		Debug|Any CPU = Debug|Any CPU
		Release|Any CPU = Release|Any CPU
	EndGlobalSection
	GlobalSection(ProjectConfigurationPlatforms) = postSolution
		{AF2E1D7C-06EE-46DB-9CC1-27606AE66162}.Debug|Any CPU.ActiveCfg = Debug|Any CPU
		{AF2E1D7C-06EE-46DB-9CC1-27606AE66162}.Debug|Any CPU.Build.0 = Debug|Any CPU
		{AF2E1D7C-06EE-46DB-9CC1-27606AE66162}.Release|Any CPU.ActiveCfg = Release|Any CPU
		{AF2E1D7C-06EE-46DB-9CC1-27606AE66162}.Release|Any CPU.Build.0 = Release|Any CPU
		{4E0D73A2-7208-4461-8695-227AA99D4A9C}.Debug|Any CPU.ActiveCfg = Debug|Any CPU
		{4E0D73A2-7208-4461-8695-227AA99D4A9C}.Debug|Any CPU.Build.0 = Debug|Any CPU
		{4E0D73A2-7208-4461-8695-227AA99D4A9C}.Release|Any CPU.ActiveCfg = Release|Any CPU
		{4E0D73A2-7208-4461-8695-227AA99D4A9C}.Release|Any CPU.Build.0 = Release|Any CPU
		{4F5DC816-6A3C-4FD9-8D59-FEDB4DEDF6D1}.Debug|Any CPU.ActiveCfg = Debug|Any CPU
		{4F5DC816-6A3C-4FD9-8D59-FEDB4DEDF6D1}.Debug|Any CPU.Build.0 = Debug|Any CPU
		{4F5DC816-6A3C-4FD9-8D59-FEDB4DEDF6D1}.Release|Any CPU.ActiveCfg = Release|Any CPU
		{4F5DC816-6A3C-4FD9-8D59-FEDB4DEDF6D1}.Release|Any CPU.Build.0 = Release|Any CPU
		{48473B2F-6BD4-4ED1-9BE6-E15653082E52}.Debug|Any CPU.ActiveCfg = Debug|Any CPU
		{48473B2F-6BD4-4ED1-9BE6-E15653082E52}.Debug|Any CPU.Build.0 = Debug|Any CPU
		{48473B2F-6BD4-4ED1-9BE6-E15653082E52}.Release|Any CPU.ActiveCfg = Release|Any CPU
		{48473B2F-6BD4-4ED1-9BE6-E15653082E52}.Release|Any CPU.Build.0 = Release|Any CPU
		{9AA333A4-D360-47DE-ACC4-EEAE7A4DB4CE}.Debug|Any CPU.ActiveCfg = Debug|Any CPU
		{9AA333A4-D360-47DE-ACC4-EEAE7A4DB4CE}.Debug|Any CPU.Build.0 = Debug|Any CPU
		{9AA333A4-D360-47DE-ACC4-EEAE7A4DB4CE}.Release|Any CPU.ActiveCfg = Release|Any CPU
		{9AA333A4-D360-47DE-ACC4-EEAE7A4DB4CE}.Release|Any CPU.Build.0 = Release|Any CPU
		{6E5202B4-EF5A-4C41-B6C8-006061C75468}.Debug|Any CPU.ActiveCfg = Debug|Any CPU
		{6E5202B4-EF5A-4C41-B6C8-006061C75468}.Debug|Any CPU.Build.0 = Debug|Any CPU
		{6E5202B4-EF5A-4C41-B6C8-006061C75468}.Release|Any CPU.ActiveCfg = Release|Any CPU
		{6E5202B4-EF5A-4C41-B6C8-006061C75468}.Release|Any CPU.Build.0 = Release|Any CPU
		{2197D894-36F8-451C-B25D-7FBDE0C5DCA7}.Debug|Any CPU.ActiveCfg = Debug|Any CPU
		{2197D894-36F8-451C-B25D-7FBDE0C5DCA7}.Debug|Any CPU.Build.0 = Debug|Any CPU
		{2197D894-36F8-451C-B25D-7FBDE0C5DCA7}.Release|Any CPU.ActiveCfg = Release|Any CPU
		{2197D894-36F8-451C-B25D-7FBDE0C5DCA7}.Release|Any CPU.Build.0 = Release|Any CPU
		{05DD385A-9E1A-4931-924E-DF34248A07FE}.Debug|Any CPU.ActiveCfg = Debug|Any CPU
		{05DD385A-9E1A-4931-924E-DF34248A07FE}.Debug|Any CPU.Build.0 = Debug|Any CPU
		{05DD385A-9E1A-4931-924E-DF34248A07FE}.Release|Any CPU.ActiveCfg = Release|Any CPU
		{05DD385A-9E1A-4931-924E-DF34248A07FE}.Release|Any CPU.Build.0 = Release|Any CPU
		{B7D1C122-5FCE-43C5-A328-BF8ADAC7F614}.Debug|Any CPU.ActiveCfg = Debug|Any CPU
		{B7D1C122-5FCE-43C5-A328-BF8ADAC7F614}.Debug|Any CPU.Build.0 = Debug|Any CPU
		{B7D1C122-5FCE-43C5-A328-BF8ADAC7F614}.Release|Any CPU.ActiveCfg = Release|Any CPU
		{B7D1C122-5FCE-43C5-A328-BF8ADAC7F614}.Release|Any CPU.Build.0 = Release|Any CPU
	EndGlobalSection
	GlobalSection(SolutionProperties) = preSolution
		HideSolutionNode = FALSE
	EndGlobalSection
	GlobalSection(NestedProjects) = preSolution
		{AF2E1D7C-06EE-46DB-9CC1-27606AE66162} = {CFF2A0B7-2EE0-456C-8AEC-BFE3AEFB47F8}
		{4E0D73A2-7208-4461-8695-227AA99D4A9C} = {3D827C8F-1E55-4D5F-8DFC-3119EB73E068}
		{4F5DC816-6A3C-4FD9-8D59-FEDB4DEDF6D1} = {CFF2A0B7-2EE0-456C-8AEC-BFE3AEFB47F8}
		{48473B2F-6BD4-4ED1-9BE6-E15653082E52} = {CFF2A0B7-2EE0-456C-8AEC-BFE3AEFB47F8}
		{9AA333A4-D360-47DE-ACC4-EEAE7A4DB4CE} = {CFF2A0B7-2EE0-456C-8AEC-BFE3AEFB47F8}
		{6E5202B4-EF5A-4C41-B6C8-006061C75468} = {CFF2A0B7-2EE0-456C-8AEC-BFE3AEFB47F8}
		{2197D894-36F8-451C-B25D-7FBDE0C5DCA7} = {CFF2A0B7-2EE0-456C-8AEC-BFE3AEFB47F8}
		{05DD385A-9E1A-4931-924E-DF34248A07FE} = {3F199436-E2C8-461C-BBF4-C3730F19DFA3}
		{B7D1C122-5FCE-43C5-A328-BF8ADAC7F614} = {BB7F8FBC-A26B-41E1-AEA0-FDA36F057468}
	EndGlobalSection
	GlobalSection(ExtensibilityGlobals) = postSolution
		SolutionGuid = {DFF2AC68-95D0-49FD-A9E5-A1D4EFACEE14}
	EndGlobalSection
EndGlobal
